// !$*UTF8*$!
{
	archiveVersion = 1;
	classes = {
	};
	objectVersion = 56;
	objects = {

/* Begin PBXBuildFile section */
		ABA39BE329914AC20017866C /* FluxExampleApp.swift in Sources */ = {isa = PBXBuildFile; fileRef = ABA39BE229914AC20017866C /* FluxExampleApp.swift */; };
		ABA39BE729914AC50017866C /* Assets.xcassets in Resources */ = {isa = PBXBuildFile; fileRef = ABA39BE629914AC50017866C /* Assets.xcassets */; };
		ABA39BEA29914AC50017866C /* Preview Assets.xcassets in Resources */ = {isa = PBXBuildFile; fileRef = ABA39BE929914AC50017866C /* Preview Assets.xcassets */; };
		ABA39BF129914B080017866C /* Store.swift in Sources */ = {isa = PBXBuildFile; fileRef = ABA39BF029914B080017866C /* Store.swift */; };
		ABA39BF329915BBD0017866C /* App.swift in Sources */ = {isa = PBXBuildFile; fileRef = ABA39BF229915BBD0017866C /* App.swift */; };
		ABA39BF529915C040017866C /* Auth.swift in Sources */ = {isa = PBXBuildFile; fileRef = ABA39BF429915C040017866C /* Auth.swift */; };
		ABA39BF92991826E0017866C /* WelcomeView.swift in Sources */ = {isa = PBXBuildFile; fileRef = ABA39BF82991826E0017866C /* WelcomeView.swift */; };
		ABA39BFB299217460017866C /* AuthService.swift in Sources */ = {isa = PBXBuildFile; fileRef = ABA39BFA299217460017866C /* AuthService.swift */; };
		ABA39BFD29921D130017866C /* LoginScreen.swift in Sources */ = {isa = PBXBuildFile; fileRef = ABA39BFC29921D130017866C /* LoginScreen.swift */; };
		ABA39BFF29935B550017866C /* NewsScreen.swift in Sources */ = {isa = PBXBuildFile; fileRef = ABA39BFE29935B550017866C /* NewsScreen.swift */; };
		ABA39C0229935D960017866C /* Configurator.swift in Sources */ = {isa = PBXBuildFile; fileRef = ABA39C0129935D960017866C /* Configurator.swift */; };
		ABA39C0429935DA10017866C /* ServiceLocator.swift in Sources */ = {isa = PBXBuildFile; fileRef = ABA39C0329935DA10017866C /* ServiceLocator.swift */; };
		ABA39C0629935E2B0017866C /* Injected.swift in Sources */ = {isa = PBXBuildFile; fileRef = ABA39C0529935E2B0017866C /* Injected.swift */; };
/* End PBXBuildFile section */

/* Begin PBXFileReference section */
		ABA39BDF29914AC20017866C /* FluxExample.app */ = {isa = PBXFileReference; explicitFileType = wrapper.application; includeInIndex = 0; path = FluxExample.app; sourceTree = BUILT_PRODUCTS_DIR; };
		ABA39BE229914AC20017866C /* FluxExampleApp.swift */ = {isa = PBXFileReference; lastKnownFileType = sourcecode.swift; path = FluxExampleApp.swift; sourceTree = "<group>"; };
		ABA39BE629914AC50017866C /* Assets.xcassets */ = {isa = PBXFileReference; lastKnownFileType = folder.assetcatalog; path = Assets.xcassets; sourceTree = "<group>"; };
		ABA39BE929914AC50017866C /* Preview Assets.xcassets */ = {isa = PBXFileReference; lastKnownFileType = folder.assetcatalog; path = "Preview Assets.xcassets"; sourceTree = "<group>"; };
		ABA39BF029914B080017866C /* Store.swift */ = {isa = PBXFileReference; lastKnownFileType = sourcecode.swift; path = Store.swift; sourceTree = "<group>"; };
		ABA39BF229915BBD0017866C /* App.swift */ = {isa = PBXFileReference; lastKnownFileType = sourcecode.swift; path = App.swift; sourceTree = "<group>"; };
		ABA39BF429915C040017866C /* Auth.swift */ = {isa = PBXFileReference; lastKnownFileType = sourcecode.swift; path = Auth.swift; sourceTree = "<group>"; };
		ABA39BF82991826E0017866C /* WelcomeView.swift */ = {isa = PBXFileReference; lastKnownFileType = sourcecode.swift; path = WelcomeView.swift; sourceTree = "<group>"; };
		ABA39BFA299217460017866C /* AuthService.swift */ = {isa = PBXFileReference; lastKnownFileType = sourcecode.swift; path = AuthService.swift; sourceTree = "<group>"; };
		ABA39BFC29921D130017866C /* LoginScreen.swift */ = {isa = PBXFileReference; lastKnownFileType = sourcecode.swift; path = LoginScreen.swift; sourceTree = "<group>"; };
		ABA39BFE29935B550017866C /* NewsScreen.swift */ = {isa = PBXFileReference; lastKnownFileType = sourcecode.swift; path = NewsScreen.swift; sourceTree = "<group>"; };
		ABA39C0129935D960017866C /* Configurator.swift */ = {isa = PBXFileReference; lastKnownFileType = sourcecode.swift; path = Configurator.swift; sourceTree = "<group>"; };
		ABA39C0329935DA10017866C /* ServiceLocator.swift */ = {isa = PBXFileReference; lastKnownFileType = sourcecode.swift; path = ServiceLocator.swift; sourceTree = "<group>"; };
		ABA39C0529935E2B0017866C /* Injected.swift */ = {isa = PBXFileReference; lastKnownFileType = sourcecode.swift; path = Injected.swift; sourceTree = "<group>"; };
/* End PBXFileReference section */

/* Begin PBXFrameworksBuildPhase section */
		ABA39BDC29914AC20017866C /* Frameworks */ = {
			isa = PBXFrameworksBuildPhase;
			buildActionMask = 2147483647;
			files = (
			);
			runOnlyForDeploymentPostprocessing = 0;
		};
/* End PBXFrameworksBuildPhase section */

/* Begin PBXGroup section */
		ABA39BD629914AC20017866C = {
			isa = PBXGroup;
			children = (
				ABA39BE129914AC20017866C /* FluxExample */,
				ABA39BE029914AC20017866C /* Products */,
			);
			sourceTree = "<group>";
		};
		ABA39BE029914AC20017866C /* Products */ = {
			isa = PBXGroup;
			children = (
				ABA39BDF29914AC20017866C /* FluxExample.app */,
			);
			name = Products;
			sourceTree = "<group>";
		};
		ABA39BE129914AC20017866C /* FluxExample */ = {
			isa = PBXGroup;
			children = (
				ABA39BE229914AC20017866C /* FluxExampleApp.swift */,
				ABA39BF82991826E0017866C /* WelcomeView.swift */,
				ABA39BFC29921D130017866C /* LoginScreen.swift */,
				ABA39BFE29935B550017866C /* NewsScreen.swift */,
				ABA39BF429915C040017866C /* Auth.swift */,
				ABA39C0729935ECB0017866C /* Services */,
				ABA39C0029935D730017866C /* Common */,
				ABA39BE629914AC50017866C /* Assets.xcassets */,
				ABA39BE829914AC50017866C /* Preview Content */,
			);
			path = FluxExample;
			sourceTree = "<group>";
		};
		ABA39BE829914AC50017866C /* Preview Content */ = {
			isa = PBXGroup;
			children = (
				ABA39BE929914AC50017866C /* Preview Assets.xcassets */,
			);
			path = "Preview Content";
			sourceTree = "<group>";
		};
		ABA39C0029935D730017866C /* Common */ = {
			isa = PBXGroup;
			children = (
				ABA39BF229915BBD0017866C /* App.swift */,
				ABA39BF029914B080017866C /* Store.swift */,
				ABA39C0129935D960017866C /* Configurator.swift */,
				ABA39C0329935DA10017866C /* ServiceLocator.swift */,
				ABA39C0529935E2B0017866C /* Injected.swift */,
			);
			path = Common;
			sourceTree = "<group>";
		};
		ABA39C0729935ECB0017866C /* Services */ = {
			isa = PBXGroup;
			children = (
				ABA39BFA299217460017866C /* AuthService.swift */,
			);
			path = Services;
			sourceTree = "<group>";
		};
/* End PBXGroup section */

/* Begin PBXNativeTarget section */
		ABA39BDE29914AC20017866C /* FluxExample */ = {
			isa = PBXNativeTarget;
			buildConfigurationList = ABA39BED29914AC50017866C /* Build configuration list for PBXNativeTarget "FluxExample" */;
			buildPhases = (
				ABA39BDB29914AC20017866C /* Sources */,
				ABA39BDC29914AC20017866C /* Frameworks */,
				ABA39BDD29914AC20017866C /* Resources */,
			);
			buildRules = (
			);
			dependencies = (
			);
			name = FluxExample;
			productName = FluxExample;
			productReference = ABA39BDF29914AC20017866C /* FluxExample.app */;
			productType = "com.apple.product-type.application";
		};
/* End PBXNativeTarget section */

/* Begin PBXProject section */
		ABA39BD729914AC20017866C /* Project object */ = {
			isa = PBXProject;
			attributes = {
				BuildIndependentTargetsInParallel = 1;
				LastSwiftUpdateCheck = 1420;
				LastUpgradeCheck = 1420;
				TargetAttributes = {
					ABA39BDE29914AC20017866C = {
						CreatedOnToolsVersion = 14.2;
					};
				};
			};
			buildConfigurationList = ABA39BDA29914AC20017866C /* Build configuration list for PBXProject "FluxExample" */;
			compatibilityVersion = "Xcode 14.0";
			developmentRegion = en;
			hasScannedForEncodings = 0;
			knownRegions = (
				en,
				Base,
			);
			mainGroup = ABA39BD629914AC20017866C;
			productRefGroup = ABA39BE029914AC20017866C /* Products */;
			projectDirPath = "";
			projectRoot = "";
			targets = (
				ABA39BDE29914AC20017866C /* FluxExample */,
			);
		};
/* End PBXProject section */

/* Begin PBXResourcesBuildPhase section */
		ABA39BDD29914AC20017866C /* Resources */ = {
			isa = PBXResourcesBuildPhase;
			buildActionMask = 2147483647;
			files = (
				ABA39BEA29914AC50017866C /* Preview Assets.xcassets in Resources */,
				ABA39BE729914AC50017866C /* Assets.xcassets in Resources */,
			);
			runOnlyForDeploymentPostprocessing = 0;
		};
/* End PBXResourcesBuildPhase section */

/* Begin PBXSourcesBuildPhase section */
		ABA39BDB29914AC20017866C /* Sources */ = {
			isa = PBXSourcesBuildPhase;
			buildActionMask = 2147483647;
			files = (
				ABA39BFF29935B550017866C /* NewsScreen.swift in Sources */,
				ABA39C0229935D960017866C /* Configurator.swift in Sources */,
				ABA39BF529915C040017866C /* Auth.swift in Sources */,
				ABA39C0629935E2B0017866C /* Injected.swift in Sources */,
				ABA39BF92991826E0017866C /* WelcomeView.swift in Sources */,
				ABA39BF129914B080017866C /* Store.swift in Sources */,
				ABA39BFB299217460017866C /* AuthService.swift in Sources */,
				ABA39C0429935DA10017866C /* ServiceLocator.swift in Sources */,
				ABA39BFD29921D130017866C /* LoginScreen.swift in Sources */,
				ABA39BF329915BBD0017866C /* App.swift in Sources */,
				ABA39BE329914AC20017866C /* FluxExampleApp.swift in Sources */,
			);
			runOnlyForDeploymentPostprocessing = 0;
		};
/* End PBXSourcesBuildPhase section */

/* Begin XCBuildConfiguration section */
		ABA39BEB29914AC50017866C /* Debug */ = {
			isa = XCBuildConfiguration;
			buildSettings = {
				ALWAYS_SEARCH_USER_PATHS = NO;
				CLANG_ANALYZER_NONNULL = YES;
				CLANG_ANALYZER_NUMBER_OBJECT_CONVERSION = YES_AGGRESSIVE;
				CLANG_CXX_LANGUAGE_STANDARD = "gnu++20";
				CLANG_ENABLE_MODULES = YES;
				CLANG_ENABLE_OBJC_ARC = YES;
				CLANG_ENABLE_OBJC_WEAK = YES;
				CLANG_WARN_BLOCK_CAPTURE_AUTORELEASING = YES;
				CLANG_WARN_BOOL_CONVERSION = YES;
				CLANG_WARN_COMMA = YES;
				CLANG_WARN_CONSTANT_CONVERSION = YES;
				CLANG_WARN_DEPRECATED_OBJC_IMPLEMENTATIONS = YES;
				CLANG_WARN_DIRECT_OBJC_ISA_USAGE = YES_ERROR;
				CLANG_WARN_DOCUMENTATION_COMMENTS = YES;
				CLANG_WARN_EMPTY_BODY = YES;
				CLANG_WARN_ENUM_CONVERSION = YES;
				CLANG_WARN_INFINITE_RECURSION = YES;
				CLANG_WARN_INT_CONVERSION = YES;
				CLANG_WARN_NON_LITERAL_NULL_CONVERSION = YES;
				CLANG_WARN_OBJC_IMPLICIT_RETAIN_SELF = YES;
				CLANG_WARN_OBJC_LITERAL_CONVERSION = YES;
				CLANG_WARN_OBJC_ROOT_CLASS = YES_ERROR;
				CLANG_WARN_QUOTED_INCLUDE_IN_FRAMEWORK_HEADER = YES;
				CLANG_WARN_RANGE_LOOP_ANALYSIS = YES;
				CLANG_WARN_STRICT_PROTOTYPES = YES;
				CLANG_WARN_SUSPICIOUS_MOVE = YES;
				CLANG_WARN_UNGUARDED_AVAILABILITY = YES_AGGRESSIVE;
				CLANG_WARN_UNREACHABLE_CODE = YES;
				CLANG_WARN__DUPLICATE_METHOD_MATCH = YES;
				COPY_PHASE_STRIP = NO;
				DEBUG_INFORMATION_FORMAT = dwarf;
				ENABLE_STRICT_OBJC_MSGSEND = YES;
				ENABLE_TESTABILITY = YES;
				GCC_C_LANGUAGE_STANDARD = gnu11;
				GCC_DYNAMIC_NO_PIC = NO;
				GCC_NO_COMMON_BLOCKS = YES;
				GCC_OPTIMIZATION_LEVEL = 0;
				GCC_PREPROCESSOR_DEFINITIONS = (
					"DEBUG=1",
					"$(inherited)",
				);
				GCC_WARN_64_TO_32_BIT_CONVERSION = YES;
				GCC_WARN_ABOUT_RETURN_TYPE = YES_ERROR;
				GCC_WARN_UNDECLARED_SELECTOR = YES;
				GCC_WARN_UNINITIALIZED_AUTOS = YES_AGGRESSIVE;
				GCC_WARN_UNUSED_FUNCTION = YES;
				GCC_WARN_UNUSED_VARIABLE = YES;
				IPHONEOS_DEPLOYMENT_TARGET = 16.2;
				MTL_ENABLE_DEBUG_INFO = INCLUDE_SOURCE;
				MTL_FAST_MATH = YES;
				ONLY_ACTIVE_ARCH = YES;
				SDKROOT = iphoneos;
				SWIFT_ACTIVE_COMPILATION_CONDITIONS = DEBUG;
				SWIFT_OPTIMIZATION_LEVEL = "-Onone";
			};
			name = Debug;
		};
		ABA39BEC29914AC50017866C /* Release */ = {
			isa = XCBuildConfiguration;
			buildSettings = {
				ALWAYS_SEARCH_USER_PATHS = NO;
				CLANG_ANALYZER_NONNULL = YES;
				CLANG_ANALYZER_NUMBER_OBJECT_CONVERSION = YES_AGGRESSIVE;
				CLANG_CXX_LANGUAGE_STANDARD = "gnu++20";
				CLANG_ENABLE_MODULES = YES;
				CLANG_ENABLE_OBJC_ARC = YES;
				CLANG_ENABLE_OBJC_WEAK = YES;
				CLANG_WARN_BLOCK_CAPTURE_AUTORELEASING = YES;
				CLANG_WARN_BOOL_CONVERSION = YES;
				CLANG_WARN_COMMA = YES;
				CLANG_WARN_CONSTANT_CONVERSION = YES;
				CLANG_WARN_DEPRECATED_OBJC_IMPLEMENTATIONS = YES;
				CLANG_WARN_DIRECT_OBJC_ISA_USAGE = YES_ERROR;
				CLANG_WARN_DOCUMENTATION_COMMENTS = YES;
				CLANG_WARN_EMPTY_BODY = YES;
				CLANG_WARN_ENUM_CONVERSION = YES;
				CLANG_WARN_INFINITE_RECURSION = YES;
				CLANG_WARN_INT_CONVERSION = YES;
				CLANG_WARN_NON_LITERAL_NULL_CONVERSION = YES;
				CLANG_WARN_OBJC_IMPLICIT_RETAIN_SELF = YES;
				CLANG_WARN_OBJC_LITERAL_CONVERSION = YES;
				CLANG_WARN_OBJC_ROOT_CLASS = YES_ERROR;
				CLANG_WARN_QUOTED_INCLUDE_IN_FRAMEWORK_HEADER = YES;
				CLANG_WARN_RANGE_LOOP_ANALYSIS = YES;
				CLANG_WARN_STRICT_PROTOTYPES = YES;
				CLANG_WARN_SUSPICIOUS_MOVE = YES;
				CLANG_WARN_UNGUARDED_AVAILABILITY = YES_AGGRESSIVE;
				CLANG_WARN_UNREACHABLE_CODE = YES;
				CLANG_WARN__DUPLICATE_METHOD_MATCH = YES;
				COPY_PHASE_STRIP = NO;
				DEBUG_INFORMATION_FORMAT = "dwarf-with-dsym";
				ENABLE_NS_ASSERTIONS = NO;
				ENABLE_STRICT_OBJC_MSGSEND = YES;
				GCC_C_LANGUAGE_STANDARD = gnu11;
				GCC_NO_COMMON_BLOCKS = YES;
				GCC_WARN_64_TO_32_BIT_CONVERSION = YES;
				GCC_WARN_ABOUT_RETURN_TYPE = YES_ERROR;
				GCC_WARN_UNDECLARED_SELECTOR = YES;
				GCC_WARN_UNINITIALIZED_AUTOS = YES_AGGRESSIVE;
				GCC_WARN_UNUSED_FUNCTION = YES;
				GCC_WARN_UNUSED_VARIABLE = YES;
				IPHONEOS_DEPLOYMENT_TARGET = 16.2;
				MTL_ENABLE_DEBUG_INFO = NO;
				MTL_FAST_MATH = YES;
				SDKROOT = iphoneos;
				SWIFT_COMPILATION_MODE = wholemodule;
				SWIFT_OPTIMIZATION_LEVEL = "-O";
				VALIDATE_PRODUCT = YES;
			};
			name = Release;
		};
		ABA39BEE29914AC50017866C /* Debug */ = {
			isa = XCBuildConfiguration;
			buildSettings = {
				ASSETCATALOG_COMPILER_APPICON_NAME = AppIcon;
				ASSETCATALOG_COMPILER_GLOBAL_ACCENT_COLOR_NAME = AccentColor;
				CODE_SIGN_STYLE = Automatic;
				CURRENT_PROJECT_VERSION = 1;
				DEVELOPMENT_ASSET_PATHS = "\"FluxExample/Preview Content\"";
				DEVELOPMENT_TEAM = 43YQFDZNH8;
				ENABLE_PREVIEWS = YES;
				GENERATE_INFOPLIST_FILE = YES;
				INFOPLIST_KEY_UIApplicationSceneManifest_Generation = YES;
				INFOPLIST_KEY_UIApplicationSupportsIndirectInputEvents = YES;
				INFOPLIST_KEY_UILaunchScreen_Generation = YES;
				INFOPLIST_KEY_UISupportedInterfaceOrientations_iPad = "UIInterfaceOrientationPortrait UIInterfaceOrientationPortraitUpsideDown UIInterfaceOrientationLandscapeLeft UIInterfaceOrientationLandscapeRight";
				INFOPLIST_KEY_UISupportedInterfaceOrientations_iPhone = "UIInterfaceOrientationPortrait UIInterfaceOrientationLandscapeLeft UIInterfaceOrientationLandscapeRight";
				IPHONEOS_DEPLOYMENT_TARGET = 14.0;
				LD_RUNPATH_SEARCH_PATHS = (
					"$(inherited)",
					"@executable_path/Frameworks",
				);
				MARKETING_VERSION = 1.0;
				PRODUCT_BUNDLE_IDENTIFIER = ru.artembolotov.FluxExample;
				PRODUCT_NAME = "$(TARGET_NAME)";
				SWIFT_EMIT_LOC_STRINGS = YES;
				SWIFT_VERSION = 5.0;
				TARGETED_DEVICE_FAMILY = "1,2";
			};
			name = Debug;
		};
		ABA39BEF29914AC50017866C /* Release */ = {
			isa = XCBuildConfiguration;
			buildSettings = {
				ASSETCATALOG_COMPILER_APPICON_NAME = AppIcon;
				ASSETCATALOG_COMPILER_GLOBAL_ACCENT_COLOR_NAME = AccentColor;
				CODE_SIGN_STYLE = Automatic;
				CURRENT_PROJECT_VERSION = 1;
				DEVELOPMENT_ASSET_PATHS = "\"FluxExample/Preview Content\"";
				DEVELOPMENT_TEAM = 43YQFDZNH8;
				ENABLE_PREVIEWS = YES;
				GENERATE_INFOPLIST_FILE = YES;
				INFOPLIST_KEY_UIApplicationSceneManifest_Generation = YES;
				INFOPLIST_KEY_UIApplicationSupportsIndirectInputEvents = YES;
				INFOPLIST_KEY_UILaunchScreen_Generation = YES;
				INFOPLIST_KEY_UISupportedInterfaceOrientations_iPad = "UIInterfaceOrientationPortrait UIInterfaceOrientationPortraitUpsideDown UIInterfaceOrientationLandscapeLeft UIInterfaceOrientationLandscapeRight";
				INFOPLIST_KEY_UISupportedInterfaceOrientations_iPhone = "UIInterfaceOrientationPortrait UIInterfaceOrientationLandscapeLeft UIInterfaceOrientationLandscapeRight";
				IPHONEOS_DEPLOYMENT_TARGET = 14.0;
				LD_RUNPATH_SEARCH_PATHS = (
					"$(inherited)",
					"@executable_path/Frameworks",
				);
				MARKETING_VERSION = 1.0;
				PRODUCT_BUNDLE_IDENTIFIER = ru.artembolotov.FluxExample;
				PRODUCT_NAME = "$(TARGET_NAME)";
				SWIFT_EMIT_LOC_STRINGS = YES;
				SWIFT_VERSION = 5.0;
				TARGETED_DEVICE_FAMILY = "1,2";
			};
			name = Release;
		};
/* End XCBuildConfiguration section */

/* Begin XCConfigurationList section */
		ABA39BDA29914AC20017866C /* Build configuration list for PBXProject "FluxExample" */ = {
			isa = XCConfigurationList;
			buildConfigurations = (
				ABA39BEB29914AC50017866C /* Debug */,
				ABA39BEC29914AC50017866C /* Release */,
			);
			defaultConfigurationIsVisible = 0;
			defaultConfigurationName = Release;
		};
		ABA39BED29914AC50017866C /* Build configuration list for PBXNativeTarget "FluxExample" */ = {
			isa = XCConfigurationList;
			buildConfigurations = (
				ABA39BEE29914AC50017866C /* Debug */,
				ABA39BEF29914AC50017866C /* Release */,
			);
			defaultConfigurationIsVisible = 0;
			defaultConfigurationName = Release;
		};
/* End XCConfigurationList section */
	};
	rootObject = ABA39BD729914AC20017866C /* Project object */;
}
